
Microsoft Visual Studio Solution File, Format Version 12.00
# Visual Studio Version 17
VisualStudioVersion = 17.1.32407.343
MinimumVisualStudioVersion = 10.0.40219.1
Project("{9A19103F-16F7-4668-BE54-9A1E7A4F7556}") = "Blazor.WebAssembly.App", "Blazor.WebAssembly.App\Blazor.WebAssembly.App.csproj", "{608244DE-48D4-4A54-B2BC-66B373C1564C}"
EndProject
Project("{9A19103F-16F7-4668-BE54-9A1E7A4F7556}") = "Blazor.Server.App", "Blazor.Server.App\Blazor.Server.App.csproj", "{AEB7379B-3F43-49CF-96C3-8B2C36991B7E}"
EndProject
Project("{9A19103F-16F7-4668-BE54-9A1E7A4F7556}") = "WebApi", "WebApi\WebApi.csproj", "{0F81B038-36E2-4DC9-9051-C74679A868CD}"
EndProject
Project("{9A19103F-16F7-4668-BE54-9A1E7A4F7556}") = "Core", "Core\Core.csproj", "{58A71B3D-D7D1-489C-B200-A62B5C4C68AA}"
EndProject
Project("{9A19103F-16F7-4668-BE54-9A1E7A4F7556}") = "Repository", "Repository\Repository.csproj", "{072D2C0C-F0C5-4440-A3E8-2EC1E61B0725}"
EndProject
Project("{9A19103F-16F7-4668-BE54-9A1E7A4F7556}") = "Service", "Services\Service.csproj", "{E7E39EA0-94F0-4A0E-B514-178A764E7A66}"
EndProject
Project("{9A19103F-16F7-4668-BE54-9A1E7A4F7556}") = "Razor", "Razor\Razor.csproj", "{88F8418C-ED81-414D-9FCA-30E20ADD742E}"
EndProject
Global
	GlobalSection(SolutionConfigurationPlatforms) = preSolution
		Debug|Any CPU = Debug|Any CPU
		Release|Any CPU = Release|Any CPU
	EndGlobalSection
	GlobalSection(ProjectConfigurationPlatforms) = postSolution
		{608244DE-48D4-4A54-B2BC-66B373C1564C}.Debug|Any CPU.ActiveCfg = Debug|Any CPU
		{608244DE-48D4-4A54-B2BC-66B373C1564C}.Debug|Any CPU.Build.0 = Debug|Any CPU
		{608244DE-48D4-4A54-B2BC-66B373C1564C}.Release|Any CPU.ActiveCfg = Release|Any CPU
		{608244DE-48D4-4A54-B2BC-66B373C1564C}.Release|Any CPU.Build.0 = Release|Any CPU
		{AEB7379B-3F43-49CF-96C3-8B2C36991B7E}.Debug|Any CPU.ActiveCfg = Debug|Any CPU
		{AEB7379B-3F43-49CF-96C3-8B2C36991B7E}.Debug|Any CPU.Build.0 = Debug|Any CPU
		{AEB7379B-3F43-49CF-96C3-8B2C36991B7E}.Release|Any CPU.ActiveCfg = Release|Any CPU
		{AEB7379B-3F43-49CF-96C3-8B2C36991B7E}.Release|Any CPU.Build.0 = Release|Any CPU
		{0F81B038-36E2-4DC9-9051-C74679A868CD}.Debug|Any CPU.ActiveCfg = Debug|Any CPU
		{0F81B038-36E2-4DC9-9051-C74679A868CD}.Debug|Any CPU.Build.0 = Debug|Any CPU
		{0F81B038-36E2-4DC9-9051-C74679A868CD}.Release|Any CPU.ActiveCfg = Release|Any CPU
		{0F81B038-36E2-4DC9-9051-C74679A868CD}.Release|Any CPU.Build.0 = Release|Any CPU
		{58A71B3D-D7D1-489C-B200-A62B5C4C68AA}.Debug|Any CPU.ActiveCfg = Debug|Any CPU
		{58A71B3D-D7D1-489C-B200-A62B5C4C68AA}.Debug|Any CPU.Build.0 = Debug|Any CPU
		{58A71B3D-D7D1-489C-B200-A62B5C4C68AA}.Release|Any CPU.ActiveCfg = Release|Any CPU
		{58A71B3D-D7D1-489C-B200-A62B5C4C68AA}.Release|Any CPU.Build.0 = Release|Any CPU
		{072D2C0C-F0C5-4440-A3E8-2EC1E61B0725}.Debug|Any CPU.ActiveCfg = Debug|Any CPU
		{072D2C0C-F0C5-4440-A3E8-2EC1E61B0725}.Debug|Any CPU.Build.0 = Debug|Any CPU
		{072D2C0C-F0C5-4440-A3E8-2EC1E61B0725}.Release|Any CPU.ActiveCfg = Release|Any CPU
		{072D2C0C-F0C5-4440-A3E8-2EC1E61B0725}.Release|Any CPU.Build.0 = Release|Any CPU
		{E7E39EA0-94F0-4A0E-B514-178A764E7A66}.Debug|Any CPU.ActiveCfg = Debug|Any CPU
		{E7E39EA0-94F0-4A0E-B514-178A764E7A66}.Debug|Any CPU.Build.0 = Debug|Any CPU
		{E7E39EA0-94F0-4A0E-B514-178A764E7A66}.Release|Any CPU.ActiveCfg = Release|Any CPU
		{E7E39EA0-94F0-4A0E-B514-178A764E7A66}.Release|Any CPU.Build.0 = Release|Any CPU
		{88F8418C-ED81-414D-9FCA-30E20ADD742E}.Debug|Any CPU.ActiveCfg = Debug|Any CPU
		{88F8418C-ED81-414D-9FCA-30E20ADD742E}.Debug|Any CPU.Build.0 = Debug|Any CPU
		{88F8418C-ED81-414D-9FCA-30E20ADD742E}.Release|Any CPU.ActiveCfg = Release|Any CPU
		{88F8418C-ED81-414D-9FCA-30E20ADD742E}.Release|Any CPU.Build.0 = Release|Any CPU
	EndGlobalSection
	GlobalSection(SolutionProperties) = preSolution
		HideSolutionNode = FALSE
	EndGlobalSection
	GlobalSection(ExtensibilityGlobals) = postSolution
		SolutionGuid = {A099A123-3B76-4A16-8EEC-39527B838E80}
	EndGlobalSection
EndGlobal
